
Microsoft Visual Studio Solution File, Format Version 12.00
# Visual Studio Version 16
VisualStudioVersion = 16.0.29728.190
MinimumVisualStudioVersion = 10.0.40219.1
Project("{9A19103F-16F7-4668-BE54-9A1E7A4F7556}") = "TestWebAppAPI", "TestWebAppAPI\TestWebAppAPI.csproj", "{C7D0D20A-1D68-4758-B7F6-B173E7E94112}"
EndProject
Project("{00D1A9C2-B5F0-4AF3-8072-F6C62B433612}") = "TestDatabase", "TestDatabase\TestDatabase.sqlproj", "{C2629F76-E762-4414-B06E-24364CFDAA69}"
EndProject
Project("{9A19103F-16F7-4668-BE54-9A1E7A4F7556}") = "AccountsLibrary", "AccountsLibrary\AccountsLibrary.csproj", "{6167BDCF-B64B-4091-AFD1-6005734B3182}"
EndProject
Project("{9A19103F-16F7-4668-BE54-9A1E7A4F7556}") = "MainLibrary", "MainLibrary\MainLibrary.csproj", "{6D3AF148-BD94-4477-AE70-C448E8E7A205}"
EndProject
Global
	GlobalSection(SolutionConfigurationPlatforms) = preSolution
		Debug|Any CPU = Debug|Any CPU
		Release|Any CPU = Release|Any CPU
	EndGlobalSection
	GlobalSection(ProjectConfigurationPlatforms) = postSolution
		{C7D0D20A-1D68-4758-B7F6-B173E7E94112}.Debug|Any CPU.ActiveCfg = Debug|Any CPU
		{C7D0D20A-1D68-4758-B7F6-B173E7E94112}.Debug|Any CPU.Build.0 = Debug|Any CPU
		{C7D0D20A-1D68-4758-B7F6-B173E7E94112}.Release|Any CPU.ActiveCfg = Release|Any CPU
		{C7D0D20A-1D68-4758-B7F6-B173E7E94112}.Release|Any CPU.Build.0 = Release|Any CPU
		{C2629F76-E762-4414-B06E-24364CFDAA69}.Debug|Any CPU.ActiveCfg = Debug|Any CPU
		{C2629F76-E762-4414-B06E-24364CFDAA69}.Debug|Any CPU.Build.0 = Debug|Any CPU
		{C2629F76-E762-4414-B06E-24364CFDAA69}.Debug|Any CPU.Deploy.0 = Debug|Any CPU
		{C2629F76-E762-4414-B06E-24364CFDAA69}.Release|Any CPU.ActiveCfg = Release|Any CPU
		{C2629F76-E762-4414-B06E-24364CFDAA69}.Release|Any CPU.Build.0 = Release|Any CPU
		{C2629F76-E762-4414-B06E-24364CFDAA69}.Release|Any CPU.Deploy.0 = Release|Any CPU
		{6167BDCF-B64B-4091-AFD1-6005734B3182}.Debug|Any CPU.ActiveCfg = Debug|Any CPU
		{6167BDCF-B64B-4091-AFD1-6005734B3182}.Debug|Any CPU.Build.0 = Debug|Any CPU
		{6167BDCF-B64B-4091-AFD1-6005734B3182}.Release|Any CPU.ActiveCfg = Release|Any CPU
		{6167BDCF-B64B-4091-AFD1-6005734B3182}.Release|Any CPU.Build.0 = Release|Any CPU
		{6D3AF148-BD94-4477-AE70-C448E8E7A205}.Debug|Any CPU.ActiveCfg = Debug|Any CPU
		{6D3AF148-BD94-4477-AE70-C448E8E7A205}.Debug|Any CPU.Build.0 = Debug|Any CPU
		{6D3AF148-BD94-4477-AE70-C448E8E7A205}.Release|Any CPU.ActiveCfg = Release|Any CPU
		{6D3AF148-BD94-4477-AE70-C448E8E7A205}.Release|Any CPU.Build.0 = Release|Any CPU
	EndGlobalSection
	GlobalSection(SolutionProperties) = preSolution
		HideSolutionNode = FALSE
	EndGlobalSection
	GlobalSection(ExtensibilityGlobals) = postSolution
		SolutionGuid = {9F1AFB79-12F9-4BE9-9563-E3E254DFDE58}
	EndGlobalSection
EndGlobal
